// !$*UTF8*$!
{
	archiveVersion = 1;
	classes = {
	};
	objectVersion = 50;
	objects = {

/* Begin PBXBuildFile section */
		7D930ED3218C5A8D00288893 /* Hyakuninissyu.swift in Sources */ = {isa = PBXBuildFile; fileRef = 7D930ED2218C5A8D00288893 /* Hyakuninissyu.swift */; };
		7D930ED6218C614A00288893 /* QuizBangouViewController.swift in Sources */ = {isa = PBXBuildFile; fileRef = 7D930ED5218C614A00288893 /* QuizBangouViewController.swift */; };
		7D930ED8218C62E500288893 /* QuizViewController.swift in Sources */ = {isa = PBXBuildFile; fileRef = 7D930ED7218C62E500288893 /* QuizViewController.swift */; };
		7D930EDA218C632F00288893 /* ResultViewController.swift in Sources */ = {isa = PBXBuildFile; fileRef = 7D930ED9218C632F00288893 /* ResultViewController.swift */; };
		7D930EDE219ECED600288893 /* AnkiTableViewController.swift in Sources */ = {isa = PBXBuildFile; fileRef = 7D930EDD219ECED600288893 /* AnkiTableViewController.swift */; };
		7D930EE0219EDF8C00288893 /* AnkiTable2ViewController.swift in Sources */ = {isa = PBXBuildFile; fileRef = 7D930EDF219EDF8C00288893 /* AnkiTable2ViewController.swift */; };
		7DF638A4214BCA7D005CD338 /* AppDelegate.swift in Sources */ = {isa = PBXBuildFile; fileRef = 7DF638A3214BCA7D005CD338 /* AppDelegate.swift */; };
		7DF638A6214BCA7D005CD338 /* ViewController.swift in Sources */ = {isa = PBXBuildFile; fileRef = 7DF638A5214BCA7D005CD338 /* ViewController.swift */; };
		7DF638A9214BCA7D005CD338 /* Main.storyboard in Resources */ = {isa = PBXBuildFile; fileRef = 7DF638A7214BCA7D005CD338 /* Main.storyboard */; };
		7DF638AB214BCA80005CD338 /* Assets.xcassets in Resources */ = {isa = PBXBuildFile; fileRef = 7DF638AA214BCA80005CD338 /* Assets.xcassets */; };
		7DF638AE214BCA80005CD338 /* LaunchScreen.storyboard in Resources */ = {isa = PBXBuildFile; fileRef = 7DF638AC214BCA80005CD338 /* LaunchScreen.storyboard */; };
		7DF638B9214BCA80005CD338 /* HyakuninnissyuTests.swift in Sources */ = {isa = PBXBuildFile; fileRef = 7DF638B8214BCA80005CD338 /* HyakuninnissyuTests.swift */; };
		7DF638C4214BCA81005CD338 /* HyakuninnissyuUITests.swift in Sources */ = {isa = PBXBuildFile; fileRef = 7DF638C3214BCA81005CD338 /* HyakuninnissyuUITests.swift */; };
		7DF638D2214E7662005CD338 /* AnkiBangouViewController.swift in Sources */ = {isa = PBXBuildFile; fileRef = 7DF638D1214E7662005CD338 /* AnkiBangouViewController.swift */; };
		7DF638D4214E76C3005CD338 /* AnkiViewController.swift in Sources */ = {isa = PBXBuildFile; fileRef = 7DF638D3214E76C3005CD338 /* AnkiViewController.swift */; };
		7DF638D721677336005CD338 /* midorihaikei.jpg in Resources */ = {isa = PBXBuildFile; fileRef = 7DF638D621677336005CD338 /* midorihaikei.jpg */; };
/* End PBXBuildFile section */

/* Begin PBXContainerItemProxy section */
		7DF638B5214BCA80005CD338 /* PBXContainerItemProxy */ = {
			isa = PBXContainerItemProxy;
			containerPortal = 7DF63898214BCA7D005CD338 /* Project object */;
			proxyType = 1;
			remoteGlobalIDString = 7DF6389F214BCA7D005CD338;
			remoteInfo = Hyakuninnissyu;
		};
		7DF638C0214BCA81005CD338 /* PBXContainerItemProxy */ = {
			isa = PBXContainerItemProxy;
			containerPortal = 7DF63898214BCA7D005CD338 /* Project object */;
			proxyType = 1;
			remoteGlobalIDString = 7DF6389F214BCA7D005CD338;
			remoteInfo = Hyakuninnissyu;
		};
/* End PBXContainerItemProxy section */

/* Begin PBXFileReference section */
		7D930ED2218C5A8D00288893 /* Hyakuninissyu.swift */ = {isa = PBXFileReference; lastKnownFileType = sourcecode.swift; path = Hyakuninissyu.swift; sourceTree = "<group>"; };
		7D930ED5218C614A00288893 /* QuizBangouViewController.swift */ = {isa = PBXFileReference; lastKnownFileType = sourcecode.swift; path = QuizBangouViewController.swift; sourceTree = "<group>"; };
		7D930ED7218C62E500288893 /* QuizViewController.swift */ = {isa = PBXFileReference; lastKnownFileType = sourcecode.swift; path = QuizViewController.swift; sourceTree = "<group>"; };
		7D930ED9218C632F00288893 /* ResultViewController.swift */ = {isa = PBXFileReference; lastKnownFileType = sourcecode.swift; path = ResultViewController.swift; sourceTree = "<group>"; };
		7D930EDD219ECED600288893 /* AnkiTableViewController.swift */ = {isa = PBXFileReference; lastKnownFileType = sourcecode.swift; path = AnkiTableViewController.swift; sourceTree = "<group>"; };
		7D930EDF219EDF8C00288893 /* AnkiTable2ViewController.swift */ = {isa = PBXFileReference; lastKnownFileType = sourcecode.swift; path = AnkiTable2ViewController.swift; sourceTree = "<group>"; };
		7DF638A0214BCA7D005CD338 /* Hyakuninnissyu.app */ = {isa = PBXFileReference; explicitFileType = wrapper.application; includeInIndex = 0; path = Hyakuninnissyu.app; sourceTree = BUILT_PRODUCTS_DIR; };
		7DF638A3214BCA7D005CD338 /* AppDelegate.swift */ = {isa = PBXFileReference; lastKnownFileType = sourcecode.swift; path = AppDelegate.swift; sourceTree = "<group>"; };
		7DF638A5214BCA7D005CD338 /* ViewController.swift */ = {isa = PBXFileReference; lastKnownFileType = sourcecode.swift; path = ViewController.swift; sourceTree = "<group>"; };
		7DF638A8214BCA7D005CD338 /* Base */ = {isa = PBXFileReference; lastKnownFileType = file.storyboard; name = Base; path = Base.lproj/Main.storyboard; sourceTree = "<group>"; };
		7DF638AA214BCA80005CD338 /* Assets.xcassets */ = {isa = PBXFileReference; lastKnownFileType = folder.assetcatalog; path = Assets.xcassets; sourceTree = "<group>"; };
		7DF638AD214BCA80005CD338 /* Base */ = {isa = PBXFileReference; lastKnownFileType = file.storyboard; name = Base; path = Base.lproj/LaunchScreen.storyboard; sourceTree = "<group>"; };
		7DF638AF214BCA80005CD338 /* Info.plist */ = {isa = PBXFileReference; lastKnownFileType = text.plist.xml; path = Info.plist; sourceTree = "<group>"; };
		7DF638B4214BCA80005CD338 /* HyakuninnissyuTests.xctest */ = {isa = PBXFileReference; explicitFileType = wrapper.cfbundle; includeInIndex = 0; path = HyakuninnissyuTests.xctest; sourceTree = BUILT_PRODUCTS_DIR; };
		7DF638B8214BCA80005CD338 /* HyakuninnissyuTests.swift */ = {isa = PBXFileReference; lastKnownFileType = sourcecode.swift; path = HyakuninnissyuTests.swift; sourceTree = "<group>"; };
		7DF638BA214BCA80005CD338 /* Info.plist */ = {isa = PBXFileReference; lastKnownFileType = text.plist.xml; path = Info.plist; sourceTree = "<group>"; };
		7DF638BF214BCA81005CD338 /* HyakuninnissyuUITests.xctest */ = {isa = PBXFileReference; explicitFileType = wrapper.cfbundle; includeInIndex = 0; path = HyakuninnissyuUITests.xctest; sourceTree = BUILT_PRODUCTS_DIR; };
		7DF638C3214BCA81005CD338 /* HyakuninnissyuUITests.swift */ = {isa = PBXFileReference; lastKnownFileType = sourcecode.swift; path = HyakuninnissyuUITests.swift; sourceTree = "<group>"; };
		7DF638C5214BCA81005CD338 /* Info.plist */ = {isa = PBXFileReference; lastKnownFileType = text.plist.xml; path = Info.plist; sourceTree = "<group>"; };
		7DF638D1214E7662005CD338 /* AnkiBangouViewController.swift */ = {isa = PBXFileReference; lastKnownFileType = sourcecode.swift; path = AnkiBangouViewController.swift; sourceTree = "<group>"; };
		7DF638D3214E76C3005CD338 /* AnkiViewController.swift */ = {isa = PBXFileReference; lastKnownFileType = sourcecode.swift; path = AnkiViewController.swift; sourceTree = "<group>"; };
		7DF638D621677336005CD338 /* midorihaikei.jpg */ = {isa = PBXFileReference; lastKnownFileType = image.jpeg; path = midorihaikei.jpg; sourceTree = "<group>"; };
/* End PBXFileReference section */

/* Begin PBXFrameworksBuildPhase section */
		7DF6389D214BCA7D005CD338 /* Frameworks */ = {
			isa = PBXFrameworksBuildPhase;
			buildActionMask = 2147483647;
			files = (
			);
			runOnlyForDeploymentPostprocessing = 0;
		};
		7DF638B1214BCA80005CD338 /* Frameworks */ = {
			isa = PBXFrameworksBuildPhase;
			buildActionMask = 2147483647;
			files = (
			);
			runOnlyForDeploymentPostprocessing = 0;
		};
		7DF638BC214BCA81005CD338 /* Frameworks */ = {
			isa = PBXFrameworksBuildPhase;
			buildActionMask = 2147483647;
			files = (
			);
			runOnlyForDeploymentPostprocessing = 0;
		};
/* End PBXFrameworksBuildPhase section */

/* Begin PBXGroup section */
		7D930ED4218C611300288893 /* New Group1 */ = {
			isa = PBXGroup;
			children = (
			);
			path = "New Group1";
			sourceTree = "<group>";
		};
		7DF63897214BCA7D005CD338 = {
			isa = PBXGroup;
			children = (
				7DF638A2214BCA7D005CD338 /* Hyakuninnissyu */,
				7DF638B7214BCA80005CD338 /* HyakuninnissyuTests */,
				7DF638C2214BCA81005CD338 /* HyakuninnissyuUITests */,
				7DF638A1214BCA7D005CD338 /* Products */,
			);
			sourceTree = "<group>";
		};
		7DF638A1214BCA7D005CD338 /* Products */ = {
			isa = PBXGroup;
			children = (
				7DF638A0214BCA7D005CD338 /* Hyakuninnissyu.app */,
				7DF638B4214BCA80005CD338 /* HyakuninnissyuTests.xctest */,
				7DF638BF214BCA81005CD338 /* HyakuninnissyuUITests.xctest */,
			);
			name = Products;
			sourceTree = "<group>";
		};
		7DF638A2214BCA7D005CD338 /* Hyakuninnissyu */ = {
			isa = PBXGroup;
			children = (
				7D930ED4218C611300288893 /* New Group1 */,
				7DF638D621677336005CD338 /* midorihaikei.jpg */,
				7DF638D5216772B4005CD338 /* New Group */,
				7DF638A3214BCA7D005CD338 /* AppDelegate.swift */,
				7DF638A5214BCA7D005CD338 /* ViewController.swift */,
				7DF638A7214BCA7D005CD338 /* Main.storyboard */,
				7DF638AA214BCA80005CD338 /* Assets.xcassets */,
				7DF638AC214BCA80005CD338 /* LaunchScreen.storyboard */,
				7DF638AF214BCA80005CD338 /* Info.plist */,
				7DF638D1214E7662005CD338 /* AnkiBangouViewController.swift */,
				7DF638D3214E76C3005CD338 /* AnkiViewController.swift */,
				7D930ED2218C5A8D00288893 /* Hyakuninissyu.swift */,
				7D930ED5218C614A00288893 /* QuizBangouViewController.swift */,
				7D930ED7218C62E500288893 /* QuizViewController.swift */,
				7D930ED9218C632F00288893 /* ResultViewController.swift */,
				7D930EDD219ECED600288893 /* AnkiTableViewController.swift */,
				7D930EDF219EDF8C00288893 /* AnkiTable2ViewController.swift */,
			);
			path = Hyakuninnissyu;
			sourceTree = "<group>";
		};
		7DF638B7214BCA80005CD338 /* HyakuninnissyuTests */ = {
			isa = PBXGroup;
			children = (
				7DF638B8214BCA80005CD338 /* HyakuninnissyuTests.swift */,
				7DF638BA214BCA80005CD338 /* Info.plist */,
			);
			path = HyakuninnissyuTests;
			sourceTree = "<group>";
		};
		7DF638C2214BCA81005CD338 /* HyakuninnissyuUITests */ = {
			isa = PBXGroup;
			children = (
				7DF638C3214BCA81005CD338 /* HyakuninnissyuUITests.swift */,
				7DF638C5214BCA81005CD338 /* Info.plist */,
			);
			path = HyakuninnissyuUITests;
			sourceTree = "<group>";
		};
		7DF638D5216772B4005CD338 /* New Group */ = {
			isa = PBXGroup;
			children = (
			);
			path = "New Group";
			sourceTree = "<group>";
		};
/* End PBXGroup section */

/* Begin PBXNativeTarget section */
		7DF6389F214BCA7D005CD338 /* Hyakuninnissyu */ = {
			isa = PBXNativeTarget;
			buildConfigurationList = 7DF638C8214BCA81005CD338 /* Build configuration list for PBXNativeTarget "Hyakuninnissyu" */;
			buildPhases = (
				7DF6389C214BCA7D005CD338 /* Sources */,
				7DF6389D214BCA7D005CD338 /* Frameworks */,
				7DF6389E214BCA7D005CD338 /* Resources */,
			);
			buildRules = (
			);
			dependencies = (
			);
			name = Hyakuninnissyu;
			productName = Hyakuninnissyu;
			productReference = 7DF638A0214BCA7D005CD338 /* Hyakuninnissyu.app */;
			productType = "com.apple.product-type.application";
		};
		7DF638B3214BCA80005CD338 /* HyakuninnissyuTests */ = {
			isa = PBXNativeTarget;
			buildConfigurationList = 7DF638CB214BCA81005CD338 /* Build configuration list for PBXNativeTarget "HyakuninnissyuTests" */;
			buildPhases = (
				7DF638B0214BCA80005CD338 /* Sources */,
				7DF638B1214BCA80005CD338 /* Frameworks */,
				7DF638B2214BCA80005CD338 /* Resources */,
			);
			buildRules = (
			);
			dependencies = (
				7DF638B6214BCA80005CD338 /* PBXTargetDependency */,
			);
			name = HyakuninnissyuTests;
			productName = HyakuninnissyuTests;
			productReference = 7DF638B4214BCA80005CD338 /* HyakuninnissyuTests.xctest */;
			productType = "com.apple.product-type.bundle.unit-test";
		};
		7DF638BE214BCA81005CD338 /* HyakuninnissyuUITests */ = {
			isa = PBXNativeTarget;
			buildConfigurationList = 7DF638CE214BCA81005CD338 /* Build configuration list for PBXNativeTarget "HyakuninnissyuUITests" */;
			buildPhases = (
				7DF638BB214BCA81005CD338 /* Sources */,
				7DF638BC214BCA81005CD338 /* Frameworks */,
				7DF638BD214BCA81005CD338 /* Resources */,
			);
			buildRules = (
			);
			dependencies = (
				7DF638C1214BCA81005CD338 /* PBXTargetDependency */,
			);
			name = HyakuninnissyuUITests;
			productName = HyakuninnissyuUITests;
			productReference = 7DF638BF214BCA81005CD338 /* HyakuninnissyuUITests.xctest */;
			productType = "com.apple.product-type.bundle.ui-testing";
		};
/* End PBXNativeTarget section */

/* Begin PBXProject section */
		7DF63898214BCA7D005CD338 /* Project object */ = {
			isa = PBXProject;
			attributes = {
				LastSwiftUpdateCheck = 0930;
				LastUpgradeCheck = 0930;
				ORGANIZATIONNAME = "岡部結衣";
				TargetAttributes = {
					7DF6389F214BCA7D005CD338 = {
						CreatedOnToolsVersion = 9.3.1;
					};
					7DF638B3214BCA80005CD338 = {
						CreatedOnToolsVersion = 9.3.1;
						TestTargetID = 7DF6389F214BCA7D005CD338;
					};
					7DF638BE214BCA81005CD338 = {
						CreatedOnToolsVersion = 9.3.1;
						TestTargetID = 7DF6389F214BCA7D005CD338;
					};
				};
			};
			buildConfigurationList = 7DF6389B214BCA7D005CD338 /* Build configuration list for PBXProject "Hyakuninnissyu" */;
			compatibilityVersion = "Xcode 9.3";
			developmentRegion = en;
			hasScannedForEncodings = 0;
			knownRegions = (
				en,
				Base,
			);
			mainGroup = 7DF63897214BCA7D005CD338;
			productRefGroup = 7DF638A1214BCA7D005CD338 /* Products */;
			projectDirPath = "";
			projectRoot = "";
			targets = (
				7DF6389F214BCA7D005CD338 /* Hyakuninnissyu */,
				7DF638B3214BCA80005CD338 /* HyakuninnissyuTests */,
				7DF638BE214BCA81005CD338 /* HyakuninnissyuUITests */,
			);
		};
/* End PBXProject section */

/* Begin PBXResourcesBuildPhase section */
		7DF6389E214BCA7D005CD338 /* Resources */ = {
			isa = PBXResourcesBuildPhase;
			buildActionMask = 2147483647;
			files = (
				7DF638AE214BCA80005CD338 /* LaunchScreen.storyboard in Resources */,
				7DF638AB214BCA80005CD338 /* Assets.xcassets in Resources */,
				7DF638D721677336005CD338 /* midorihaikei.jpg in Resources */,
				7DF638A9214BCA7D005CD338 /* Main.storyboard in Resources */,
			);
			runOnlyForDeploymentPostprocessing = 0;
		};
		7DF638B2214BCA80005CD338 /* Resources */ = {
			isa = PBXResourcesBuildPhase;
			buildActionMask = 2147483647;
			files = (
			);
			runOnlyForDeploymentPostprocessing = 0;
		};
		7DF638BD214BCA81005CD338 /* Resources */ = {
			isa = PBXResourcesBuildPhase;
			buildActionMask = 2147483647;
			files = (
			);
			runOnlyForDeploymentPostprocessing = 0;
		};
/* End PBXResourcesBuildPhase section */

/* Begin PBXSourcesBuildPhase section */
		7DF6389C214BCA7D005CD338 /* Sources */ = {
			isa = PBXSourcesBuildPhase;
			buildActionMask = 2147483647;
			files = (
				7DF638A6214BCA7D005CD338 /* ViewController.swift in Sources */,
				7D930ED8218C62E500288893 /* QuizViewController.swift in Sources */,
				7DF638D4214E76C3005CD338 /* AnkiViewController.swift in Sources */,
				7D930EDA218C632F00288893 /* ResultViewController.swift in Sources */,
				7D930EDE219ECED600288893 /* AnkiTableViewController.swift in Sources */,
				7DF638A4214BCA7D005CD338 /* AppDelegate.swift in Sources */,
				7D930ED6218C614A00288893 /* QuizBangouViewController.swift in Sources */,
				7D930ED3218C5A8D00288893 /* Hyakuninissyu.swift in Sources */,
				7DF638D2214E7662005CD338 /* AnkiBangouViewController.swift in Sources */,
				7D930EE0219EDF8C00288893 /* AnkiTable2ViewController.swift in Sources */,
			);
			runOnlyForDeploymentPostprocessing = 0;
		};
		7DF638B0214BCA80005CD338 /* Sources */ = {
			isa = PBXSourcesBuildPhase;
			buildActionMask = 2147483647;
			files = (
				7DF638B9214BCA80005CD338 /* HyakuninnissyuTests.swift in Sources */,
			);
			runOnlyForDeploymentPostprocessing = 0;
		};
		7DF638BB214BCA81005CD338 /* Sources */ = {
			isa = PBXSourcesBuildPhase;
			buildActionMask = 2147483647;
			files = (
				7DF638C4214BCA81005CD338 /* HyakuninnissyuUITests.swift in Sources */,
			);
			runOnlyForDeploymentPostprocessing = 0;
		};
/* End PBXSourcesBuildPhase section */

/* Begin PBXTargetDependency section */
		7DF638B6214BCA80005CD338 /* PBXTargetDependency */ = {
			isa = PBXTargetDependency;
			target = 7DF6389F214BCA7D005CD338 /* Hyakuninnissyu */;
			targetProxy = 7DF638B5214BCA80005CD338 /* PBXContainerItemProxy */;
		};
		7DF638C1214BCA81005CD338 /* PBXTargetDependency */ = {
			isa = PBXTargetDependency;
			target = 7DF6389F214BCA7D005CD338 /* Hyakuninnissyu */;
			targetProxy = 7DF638C0214BCA81005CD338 /* PBXContainerItemProxy */;
		};
/* End PBXTargetDependency section */

/* Begin PBXVariantGroup section */
		7DF638A7214BCA7D005CD338 /* Main.storyboard */ = {
			isa = PBXVariantGroup;
			children = (
				7DF638A8214BCA7D005CD338 /* Base */,
			);
			name = Main.storyboard;
			sourceTree = "<group>";
		};
		7DF638AC214BCA80005CD338 /* LaunchScreen.storyboard */ = {
			isa = PBXVariantGroup;
			children = (
				7DF638AD214BCA80005CD338 /* Base */,
			);
			name = LaunchScreen.storyboard;
			sourceTree = "<group>";
		};
/* End PBXVariantGroup section */

/* Begin XCBuildConfiguration section */
		7DF638C6214BCA81005CD338 /* Debug */ = {
			isa = XCBuildConfiguration;
			buildSettings = {
				ALWAYS_SEARCH_USER_PATHS = NO;
				CLANG_ANALYZER_NONNULL = YES;
				CLANG_ANALYZER_NUMBER_OBJECT_CONVERSION = YES_AGGRESSIVE;
				CLANG_CXX_LANGUAGE_STANDARD = "gnu++14";
				CLANG_CXX_LIBRARY = "libc++";
				CLANG_ENABLE_MODULES = YES;
				CLANG_ENABLE_OBJC_ARC = YES;
				CLANG_ENABLE_OBJC_WEAK = YES;
				CLANG_WARN_BLOCK_CAPTURE_AUTORELEASING = YES;
				CLANG_WARN_BOOL_CONVERSION = YES;
				CLANG_WARN_COMMA = YES;
				CLANG_WARN_CONSTANT_CONVERSION = YES;
				CLANG_WARN_DEPRECATED_OBJC_IMPLEMENTATIONS = YES;
				CLANG_WARN_DIRECT_OBJC_ISA_USAGE = YES_ERROR;
				CLANG_WARN_DOCUMENTATION_COMMENTS = YES;
				CLANG_WARN_EMPTY_BODY = YES;
				CLANG_WARN_ENUM_CONVERSION = YES;
				CLANG_WARN_INFINITE_RECURSION = YES;
				CLANG_WARN_INT_CONVERSION = YES;
				CLANG_WARN_NON_LITERAL_NULL_CONVERSION = YES;
				CLANG_WARN_OBJC_IMPLICIT_RETAIN_SELF = YES;
				CLANG_WARN_OBJC_LITERAL_CONVERSION = YES;
				CLANG_WARN_OBJC_ROOT_CLASS = YES_ERROR;
				CLANG_WARN_RANGE_LOOP_ANALYSIS = YES;
				CLANG_WARN_STRICT_PROTOTYPES = YES;
				CLANG_WARN_SUSPICIOUS_MOVE = YES;
				CLANG_WARN_UNGUARDED_AVAILABILITY = YES_AGGRESSIVE;
				CLANG_WARN_UNREACHABLE_CODE = YES;
				CLANG_WARN__DUPLICATE_METHOD_MATCH = YES;
				CODE_SIGN_IDENTITY = "iPhone Developer";
				COPY_PHASE_STRIP = NO;
				DEBUG_INFORMATION_FORMAT = dwarf;
				ENABLE_STRICT_OBJC_MSGSEND = YES;
				ENABLE_TESTABILITY = YES;
				GCC_C_LANGUAGE_STANDARD = gnu11;
				GCC_DYNAMIC_NO_PIC = NO;
				GCC_NO_COMMON_BLOCKS = YES;
				GCC_OPTIMIZATION_LEVEL = 0;
				GCC_PREPROCESSOR_DEFINITIONS = (
					"DEBUG=1",
					"$(inherited)",
				);
				GCC_WARN_64_TO_32_BIT_CONVERSION = YES;
				GCC_WARN_ABOUT_RETURN_TYPE = YES_ERROR;
				GCC_WARN_UNDECLARED_SELECTOR = YES;
				GCC_WARN_UNINITIALIZED_AUTOS = YES_AGGRESSIVE;
				GCC_WARN_UNUSED_FUNCTION = YES;
				GCC_WARN_UNUSED_VARIABLE = YES;
				IPHONEOS_DEPLOYMENT_TARGET = 11.3;
				MTL_ENABLE_DEBUG_INFO = YES;
				ONLY_ACTIVE_ARCH = YES;
				SDKROOT = iphoneos;
				SWIFT_ACTIVE_COMPILATION_CONDITIONS = DEBUG;
				SWIFT_OPTIMIZATION_LEVEL = "-Onone";
			};
			name = Debug;
		};
		7DF638C7214BCA81005CD338 /* Release */ = {
			isa = XCBuildConfiguration;
			buildSettings = {
				ALWAYS_SEARCH_USER_PATHS = NO;
				CLANG_ANALYZER_NONNULL = YES;
				CLANG_ANALYZER_NUMBER_OBJECT_CONVERSION = YES_AGGRESSIVE;
				CLANG_CXX_LANGUAGE_STANDARD = "gnu++14";
				CLANG_CXX_LIBRARY = "libc++";
				CLANG_ENABLE_MODULES = YES;
				CLANG_ENABLE_OBJC_ARC = YES;
				CLANG_ENABLE_OBJC_WEAK = YES;
				CLANG_WARN_BLOCK_CAPTURE_AUTORELEASING = YES;
				CLANG_WARN_BOOL_CONVERSION = YES;
				CLANG_WARN_COMMA = YES;
				CLANG_WARN_CONSTANT_CONVERSION = YES;
				CLANG_WARN_DEPRECATED_OBJC_IMPLEMENTATIONS = YES;
				CLANG_WARN_DIRECT_OBJC_ISA_USAGE = YES_ERROR;
				CLANG_WARN_DOCUMENTATION_COMMENTS = YES;
				CLANG_WARN_EMPTY_BODY = YES;
				CLANG_WARN_ENUM_CONVERSION = YES;
				CLANG_WARN_INFINITE_RECURSION = YES;
				CLANG_WARN_INT_CONVERSION = YES;
				CLANG_WARN_NON_LITERAL_NULL_CONVERSION = YES;
				CLANG_WARN_OBJC_IMPLICIT_RETAIN_SELF = YES;
				CLANG_WARN_OBJC_LITERAL_CONVERSION = YES;
				CLANG_WARN_OBJC_ROOT_CLASS = YES_ERROR;
				CLANG_WARN_RANGE_LOOP_ANALYSIS = YES;
				CLANG_WARN_STRICT_PROTOTYPES = YES;
				CLANG_WARN_SUSPICIOUS_MOVE = YES;
				CLANG_WARN_UNGUARDED_AVAILABILITY = YES_AGGRESSIVE;
				CLANG_WARN_UNREACHABLE_CODE = YES;
				CLANG_WARN__DUPLICATE_METHOD_MATCH = YES;
				CODE_SIGN_IDENTITY = "iPhone Developer";
				COPY_PHASE_STRIP = NO;
				DEBUG_INFORMATION_FORMAT = "dwarf-with-dsym";
				ENABLE_NS_ASSERTIONS = NO;
				ENABLE_STRICT_OBJC_MSGSEND = YES;
				GCC_C_LANGUAGE_STANDARD = gnu11;
				GCC_NO_COMMON_BLOCKS = YES;
				GCC_WARN_64_TO_32_BIT_CONVERSION = YES;
				GCC_WARN_ABOUT_RETURN_TYPE = YES_ERROR;
				GCC_WARN_UNDECLARED_SELECTOR = YES;
				GCC_WARN_UNINITIALIZED_AUTOS = YES_AGGRESSIVE;
				GCC_WARN_UNUSED_FUNCTION = YES;
				GCC_WARN_UNUSED_VARIABLE = YES;
				IPHONEOS_DEPLOYMENT_TARGET = 11.3;
				MTL_ENABLE_DEBUG_INFO = NO;
				SDKROOT = iphoneos;
				SWIFT_COMPILATION_MODE = wholemodule;
				SWIFT_OPTIMIZATION_LEVEL = "-O";
				VALIDATE_PRODUCT = YES;
			};
			name = Release;
		};
		7DF638C9214BCA81005CD338 /* Debug */ = {
			isa = XCBuildConfiguration;
			buildSettings = {
				ASSETCATALOG_COMPILER_APPICON_NAME = AppIcon;
				CODE_SIGN_STYLE = Automatic;
				INFOPLIST_FILE = Hyakuninnissyu/Info.plist;
				LD_RUNPATH_SEARCH_PATHS = (
					"$(inherited)",
					"@executable_path/Frameworks",
				);
				PRODUCT_BUNDLE_IDENTIFIER = com.litech.Hyakuninnissyu;
				PRODUCT_NAME = "$(TARGET_NAME)";
				SWIFT_VERSION = 4.0;
				TARGETED_DEVICE_FAMILY = "1,2";
			};
			name = Debug;
		};
		7DF638CA214BCA81005CD338 /* Release */ = {
			isa = XCBuildConfiguration;
			buildSettings = {
				ASSETCATALOG_COMPILER_APPICON_NAME = AppIcon;
				CODE_SIGN_STYLE = Automatic;
				INFOPLIST_FILE = Hyakuninnissyu/Info.plist;
				LD_RUNPATH_SEARCH_PATHS = (
					"$(inherited)",
					"@executable_path/Frameworks",
				);
				PRODUCT_BUNDLE_IDENTIFIER = com.litech.Hyakuninnissyu;
				PRODUCT_NAME = "$(TARGET_NAME)";
				SWIFT_VERSION = 4.0;
				TARGETED_DEVICE_FAMILY = "1,2";
			};
			name = Release;
		};
		7DF638CC214BCA81005CD338 /* Debug */ = {
			isa = XCBuildConfiguration;
			buildSettings = {
				ALWAYS_EMBED_SWIFT_STANDARD_LIBRARIES = YES;
				BUNDLE_LOADER = "$(TEST_HOST)";
				CODE_SIGN_STYLE = Automatic;
				INFOPLIST_FILE = HyakuninnissyuTests/Info.plist;
				LD_RUNPATH_SEARCH_PATHS = (
					"$(inherited)",
					"@executable_path/Frameworks",
					"@loader_path/Frameworks",
				);
				PRODUCT_BUNDLE_IDENTIFIER = com.litech.HyakuninnissyuTests;
				PRODUCT_NAME = "$(TARGET_NAME)";
				SWIFT_VERSION = 4.0;
				TARGETED_DEVICE_FAMILY = "1,2";
				TEST_HOST = "$(BUILT_PRODUCTS_DIR)/Hyakuninnissyu.app/Hyakuninnissyu";
			};
			name = Debug;
		};
		7DF638CD214BCA81005CD338 /* Release */ = {
			isa = XCBuildConfiguration;
			buildSettings = {
				ALWAYS_EMBED_SWIFT_STANDARD_LIBRARIES = YES;
				BUNDLE_LOADER = "$(TEST_HOST)";
				CODE_SIGN_STYLE = Automatic;
				INFOPLIST_FILE = HyakuninnissyuTests/Info.plist;
				LD_RUNPATH_SEARCH_PATHS = (
					"$(inherited)",
					"@executable_path/Frameworks",
					"@loader_path/Frameworks",
				);
				PRODUCT_BUNDLE_IDENTIFIER = com.litech.HyakuninnissyuTests;
				PRODUCT_NAME = "$(TARGET_NAME)";
				SWIFT_VERSION = 4.0;
				TARGETED_DEVICE_FAMILY = "1,2";
				TEST_HOST = "$(BUILT_PRODUCTS_DIR)/Hyakuninnissyu.app/Hyakuninnissyu";
			};
			name = Release;
		};
		7DF638CF214BCA81005CD338 /* Debug */ = {
			isa = XCBuildConfiguration;
			buildSettings = {
				ALWAYS_EMBED_SWIFT_STANDARD_LIBRARIES = YES;
				CODE_SIGN_STYLE = Automatic;
				INFOPLIST_FILE = HyakuninnissyuUITests/Info.plist;
				LD_RUNPATH_SEARCH_PATHS = (
					"$(inherited)",
					"@executable_path/Frameworks",
					"@loader_path/Frameworks",
				);
				PRODUCT_BUNDLE_IDENTIFIER = com.litech.HyakuninnissyuUITests;
				PRODUCT_NAME = "$(TARGET_NAME)";
				SWIFT_VERSION = 4.0;
				TARGETED_DEVICE_FAMILY = "1,2";
				TEST_TARGET_NAME = Hyakuninnissyu;
			};
			name = Debug;
		};
		7DF638D0214BCA81005CD338 /* Release */ = {
			isa = XCBuildConfiguration;
			buildSettings = {
				ALWAYS_EMBED_SWIFT_STANDARD_LIBRARIES = YES;
				CODE_SIGN_STYLE = Automatic;
				INFOPLIST_FILE = HyakuninnissyuUITests/Info.plist;
				LD_RUNPATH_SEARCH_PATHS = (
					"$(inherited)",
					"@executable_path/Frameworks",
					"@loader_path/Frameworks",
				);
				PRODUCT_BUNDLE_IDENTIFIER = com.litech.HyakuninnissyuUITests;
				PRODUCT_NAME = "$(TARGET_NAME)";
				SWIFT_VERSION = 4.0;
				TARGETED_DEVICE_FAMILY = "1,2";
				TEST_TARGET_NAME = Hyakuninnissyu;
			};
			name = Release;
		};
/* End XCBuildConfiguration section */

/* Begin XCConfigurationList section */
		7DF6389B214BCA7D005CD338 /* Build configuration list for PBXProject "Hyakuninnissyu" */ = {
			isa = XCConfigurationList;
			buildConfigurations = (
				7DF638C6214BCA81005CD338 /* Debug */,
				7DF638C7214BCA81005CD338 /* Release */,
			);
			defaultConfigurationIsVisible = 0;
			defaultConfigurationName = Release;
		};
		7DF638C8214BCA81005CD338 /* Build configuration list for PBXNativeTarget "Hyakuninnissyu" */ = {
			isa = XCConfigurationList;
			buildConfigurations = (
				7DF638C9214BCA81005CD338 /* Debug */,
				7DF638CA214BCA81005CD338 /* Release */,
			);
			defaultConfigurationIsVisible = 0;
			defaultConfigurationName = Release;
		};
		7DF638CB214BCA81005CD338 /* Build configuration list for PBXNativeTarget "HyakuninnissyuTests" */ = {
			isa = XCConfigurationList;
			buildConfigurations = (
				7DF638CC214BCA81005CD338 /* Debug */,
				7DF638CD214BCA81005CD338 /* Release */,
			);
			defaultConfigurationIsVisible = 0;
			defaultConfigurationName = Release;
		};
		7DF638CE214BCA81005CD338 /* Build configuration list for PBXNativeTarget "HyakuninnissyuUITests" */ = {
			isa = XCConfigurationList;
			buildConfigurations = (
				7DF638CF214BCA81005CD338 /* Debug */,
				7DF638D0214BCA81005CD338 /* Release */,
			);
			defaultConfigurationIsVisible = 0;
			defaultConfigurationName = Release;
		};
/* End XCConfigurationList section */
	};
	rootObject = 7DF63898214BCA7D005CD338 /* Project object */;
}
